
Microsoft Visual Studio Solution File, Format Version 12.00
# Visual Studio Version 16
VisualStudioVersion = 16.0.31112.23
MinimumVisualStudioVersion = 10.0.40219.1
Project("{FAE04EC0-301F-11D3-BF4B-00C04F79EFBC}") = "AirHackey", "AirHackey\AirHackey.csproj", "{E60DFBD1-4164-41FC-AB73-418640E14161}"
EndProject
Global
	GlobalSection(SolutionConfigurationPlatforms) = preSolution
		Debug|Any CPU = Debug|Any CPU
		Release|Any CPU = Release|Any CPU
	EndGlobalSection
	GlobalSection(ProjectConfigurationPlatforms) = postSolution
		{E60DFBD1-4164-41FC-AB73-418640E14161}.Debug|Any CPU.ActiveCfg = Debug|Any CPU
		{E60DFBD1-4164-41FC-AB73-418640E14161}.Debug|Any CPU.Build.0 = Debug|Any CPU
		{E60DFBD1-4164-41FC-AB73-418640E14161}.Release|Any CPU.ActiveCfg = Release|Any CPU
		{E60DFBD1-4164-41FC-AB73-418640E14161}.Release|Any CPU.Build.0 = Release|Any CPU
	EndGlobalSection
	GlobalSection(SolutionProperties) = preSolution
		HideSolutionNode = FALSE
	EndGlobalSection
	GlobalSection(ExtensibilityGlobals) = postSolution
		SolutionGuid = {453356E9-86A0-4065-AF09-EF6176887C0E}
	EndGlobalSection
EndGlobal
